
Microsoft Visual Studio Solution File, Format Version 12.00
# Visual Studio 15
VisualStudioVersion = 15.0.28307.852
MinimumVisualStudioVersion = 10.0.40219.1
Project("{FAE04EC0-301F-11D3-BF4B-00C04F79EFBC}") = "Nota Notepad", "NotaNotepad\Nota Notepad.csproj", "{7F41C3CD-D2A6-4B54-8C85-32C307FFE3AB}"
EndProject
Project("{FAE04EC0-301F-11D3-BF4B-00C04F79EFBC}") = "NotaNotepad_UWP", "NotaNotepad_UWP\NotaNotepad_UWP.csproj", "{56C80ABF-B2D7-4B44-85E6-2FF0CEED891A}"
EndProject
Global
	GlobalSection(SolutionConfigurationPlatforms) = preSolution
		Debug|Any CPU = Debug|Any CPU
		Debug|ARM = Debug|ARM
		Debug|ARM64 = Debug|ARM64
		Debug|x64 = Debug|x64
		Debug|x86 = Debug|x86
		Release|Any CPU = Release|Any CPU
		Release|ARM = Release|ARM
		Release|ARM64 = Release|ARM64
		Release|x64 = Release|x64
		Release|x86 = Release|x86
	EndGlobalSection
	GlobalSection(ProjectConfigurationPlatforms) = postSolution
		{7F41C3CD-D2A6-4B54-8C85-32C307FFE3AB}.Debug|Any CPU.ActiveCfg = Debug|Any CPU
		{7F41C3CD-D2A6-4B54-8C85-32C307FFE3AB}.Debug|Any CPU.Build.0 = Debug|Any CPU
		{7F41C3CD-D2A6-4B54-8C85-32C307FFE3AB}.Debug|ARM.ActiveCfg = Debug|Any CPU
		{7F41C3CD-D2A6-4B54-8C85-32C307FFE3AB}.Debug|ARM.Build.0 = Debug|Any CPU
		{7F41C3CD-D2A6-4B54-8C85-32C307FFE3AB}.Debug|ARM64.ActiveCfg = Debug|Any CPU
		{7F41C3CD-D2A6-4B54-8C85-32C307FFE3AB}.Debug|ARM64.Build.0 = Debug|Any CPU
		{7F41C3CD-D2A6-4B54-8C85-32C307FFE3AB}.Debug|x64.ActiveCfg = Debug|Any CPU
		{7F41C3CD-D2A6-4B54-8C85-32C307FFE3AB}.Debug|x64.Build.0 = Debug|Any CPU
		{7F41C3CD-D2A6-4B54-8C85-32C307FFE3AB}.Debug|x86.ActiveCfg = Debug|Any CPU
		{7F41C3CD-D2A6-4B54-8C85-32C307FFE3AB}.Debug|x86.Build.0 = Debug|Any CPU
		{7F41C3CD-D2A6-4B54-8C85-32C307FFE3AB}.Release|Any CPU.ActiveCfg = Release|Any CPU
		{7F41C3CD-D2A6-4B54-8C85-32C307FFE3AB}.Release|Any CPU.Build.0 = Release|Any CPU
		{7F41C3CD-D2A6-4B54-8C85-32C307FFE3AB}.Release|ARM.ActiveCfg = Release|Any CPU
		{7F41C3CD-D2A6-4B54-8C85-32C307FFE3AB}.Release|ARM.Build.0 = Release|Any CPU
		{7F41C3CD-D2A6-4B54-8C85-32C307FFE3AB}.Release|ARM64.ActiveCfg = Release|Any CPU
		{7F41C3CD-D2A6-4B54-8C85-32C307FFE3AB}.Release|ARM64.Build.0 = Release|Any CPU
		{7F41C3CD-D2A6-4B54-8C85-32C307FFE3AB}.Release|x64.ActiveCfg = Release|Any CPU
		{7F41C3CD-D2A6-4B54-8C85-32C307FFE3AB}.Release|x64.Build.0 = Release|Any CPU
		{7F41C3CD-D2A6-4B54-8C85-32C307FFE3AB}.Release|x86.ActiveCfg = Release|Any CPU
		{7F41C3CD-D2A6-4B54-8C85-32C307FFE3AB}.Release|x86.Build.0 = Release|Any CPU
		{56C80ABF-B2D7-4B44-85E6-2FF0CEED891A}.Debug|Any CPU.ActiveCfg = Debug|x86
		{56C80ABF-B2D7-4B44-85E6-2FF0CEED891A}.Debug|ARM.ActiveCfg = Debug|ARM
		{56C80ABF-B2D7-4B44-85E6-2FF0CEED891A}.Debug|ARM.Build.0 = Debug|ARM
		{56C80ABF-B2D7-4B44-85E6-2FF0CEED891A}.Debug|ARM.Deploy.0 = Debug|ARM
		{56C80ABF-B2D7-4B44-85E6-2FF0CEED891A}.Debug|ARM64.ActiveCfg = Debug|ARM64
		{56C80ABF-B2D7-4B44-85E6-2FF0CEED891A}.Debug|ARM64.Build.0 = Debug|ARM64
		{56C80ABF-B2D7-4B44-85E6-2FF0CEED891A}.Debug|ARM64.Deploy.0 = Debug|ARM64
		{56C80ABF-B2D7-4B44-85E6-2FF0CEED891A}.Debug|x64.ActiveCfg = Debug|x64
		{56C80ABF-B2D7-4B44-85E6-2FF0CEED891A}.Debug|x64.Build.0 = Debug|x64
		{56C80ABF-B2D7-4B44-85E6-2FF0CEED891A}.Debug|x64.Deploy.0 = Debug|x64
		{56C80ABF-B2D7-4B44-85E6-2FF0CEED891A}.Debug|x86.ActiveCfg = Debug|x86
		{56C80ABF-B2D7-4B44-85E6-2FF0CEED891A}.Debug|x86.Build.0 = Debug|x86
		{56C80ABF-B2D7-4B44-85E6-2FF0CEED891A}.Debug|x86.Deploy.0 = Debug|x86
		{56C80ABF-B2D7-4B44-85E6-2FF0CEED891A}.Release|Any CPU.ActiveCfg = Release|x86
		{56C80ABF-B2D7-4B44-85E6-2FF0CEED891A}.Release|ARM.ActiveCfg = Release|ARM
		{56C80ABF-B2D7-4B44-85E6-2FF0CEED891A}.Release|ARM.Build.0 = Release|ARM
		{56C80ABF-B2D7-4B44-85E6-2FF0CEED891A}.Release|ARM.Deploy.0 = Release|ARM
		{56C80ABF-B2D7-4B44-85E6-2FF0CEED891A}.Release|ARM64.ActiveCfg = Release|ARM64
		{56C80ABF-B2D7-4B44-85E6-2FF0CEED891A}.Release|ARM64.Build.0 = Release|ARM64
		{56C80ABF-B2D7-4B44-85E6-2FF0CEED891A}.Release|ARM64.Deploy.0 = Release|ARM64
		{56C80ABF-B2D7-4B44-85E6-2FF0CEED891A}.Release|x64.ActiveCfg = Release|x64
		{56C80ABF-B2D7-4B44-85E6-2FF0CEED891A}.Release|x64.Build.0 = Release|x64
		{56C80ABF-B2D7-4B44-85E6-2FF0CEED891A}.Release|x64.Deploy.0 = Release|x64
		{56C80ABF-B2D7-4B44-85E6-2FF0CEED891A}.Release|x86.ActiveCfg = Release|x86
		{56C80ABF-B2D7-4B44-85E6-2FF0CEED891A}.Release|x86.Build.0 = Release|x86
		{56C80ABF-B2D7-4B44-85E6-2FF0CEED891A}.Release|x86.Deploy.0 = Release|x86
	EndGlobalSection
	GlobalSection(SolutionProperties) = preSolution
		HideSolutionNode = FALSE
	EndGlobalSection
	GlobalSection(ExtensibilityGlobals) = postSolution
		SolutionGuid = {D8D0E0B4-0B4C-4EEE-A8E7-348CD107239F}
	EndGlobalSection
EndGlobal
