
Microsoft Visual Studio Solution File, Format Version 12.00
# Visual Studio 15
VisualStudioVersion = 15.0.28307.852
MinimumVisualStudioVersion = 10.0.40219.1
Project("{FAE04EC0-301F-11D3-BF4B-00C04F79EFBC}") = "NotePanel", "NotePanel\NotePanel.csproj", "{7F41C3CD-D2A6-4B54-8C85-32C307FFE3AB}"
EndProject
Global
	GlobalSection(SolutionConfigurationPlatforms) = preSolution
		Debug|Any CPU = Debug|Any CPU
		Release|Any CPU = Release|Any CPU
	EndGlobalSection
	GlobalSection(ProjectConfigurationPlatforms) = postSolution
		{7F41C3CD-D2A6-4B54-8C85-32C307FFE3AB}.Debug|Any CPU.ActiveCfg = Debug|Any CPU
		{7F41C3CD-D2A6-4B54-8C85-32C307FFE3AB}.Debug|Any CPU.Build.0 = Debug|Any CPU
		{7F41C3CD-D2A6-4B54-8C85-32C307FFE3AB}.Release|Any CPU.ActiveCfg = Release|Any CPU
		{7F41C3CD-D2A6-4B54-8C85-32C307FFE3AB}.Release|Any CPU.Build.0 = Release|Any CPU
	EndGlobalSection
	GlobalSection(SolutionProperties) = preSolution
		HideSolutionNode = FALSE
	EndGlobalSection
	GlobalSection(ExtensibilityGlobals) = postSolution
		SolutionGuid = {D8D0E0B4-0B4C-4EEE-A8E7-348CD107239F}
	EndGlobalSection
EndGlobal
